
Microsoft Visual Studio Solution File, Format Version 12.00
# Visual Studio Version 18
VisualStudioVersion = 18.5.11626.173
MinimumVisualStudioVersion = 10.0.40219.1
Project("{2150E333-8FDC-42A3-9474-1A3956D46DE8}") = "Solution Items", "Solution Items", "{3A2C5F85-3380-44E1-9E46-5F1943136416}"
	ProjectSection(SolutionItems) = preProject
		.gitignore = .gitignore
		.github\workflows\dotnet.yml = .github\workflows\dotnet.yml
		projscan.json = projscan.json
		README.md = README.md
		version.json = version.json
	EndProjectSection
EndProject
Project("{FAE04EC0-301F-11D3-BF4B-00C04F79EFBC}") = "DataFac.Template", "DataFac.Template\DataFac.Template.csproj", "{2414FA9D-EA5C-F25C-53A4-AE3EE4BCC12E}"
EndProject
Project("{FAE04EC0-301F-11D3-BF4B-00C04F79EFBC}") = "DataFac.Template.Tests", "DataFac.Template.Tests\DataFac.Template.Tests.csproj", "{076C4AB2-F19A-F625-F125-65160E0D4E5D}"
EndProject
Global
	GlobalSection(SolutionConfigurationPlatforms) = preSolution
		Debug|Any CPU = Debug|Any CPU
		Release|Any CPU = Release|Any CPU
	EndGlobalSection
	GlobalSection(ProjectConfigurationPlatforms) = postSolution
		{2414FA9D-EA5C-F25C-53A4-AE3EE4BCC12E}.Debug|Any CPU.ActiveCfg = Debug|Any CPU
		{2414FA9D-EA5C-F25C-53A4-AE3EE4BCC12E}.Debug|Any CPU.Build.0 = Debug|Any CPU
		{2414FA9D-EA5C-F25C-53A4-AE3EE4BCC12E}.Release|Any CPU.ActiveCfg = Release|Any CPU
		{2414FA9D-EA5C-F25C-53A4-AE3EE4BCC12E}.Release|Any CPU.Build.0 = Release|Any CPU
		{076C4AB2-F19A-F625-F125-65160E0D4E5D}.Debug|Any CPU.ActiveCfg = Debug|Any CPU
		{076C4AB2-F19A-F625-F125-65160E0D4E5D}.Debug|Any CPU.Build.0 = Debug|Any CPU
		{076C4AB2-F19A-F625-F125-65160E0D4E5D}.Release|Any CPU.ActiveCfg = Release|Any CPU
		{076C4AB2-F19A-F625-F125-65160E0D4E5D}.Release|Any CPU.Build.0 = Release|Any CPU
	EndGlobalSection
	GlobalSection(SolutionProperties) = preSolution
		HideSolutionNode = FALSE
	EndGlobalSection
	GlobalSection(ExtensibilityGlobals) = postSolution
		SolutionGuid = {EDB01B87-3277-4E09-B415-4567D493B5E8}
	EndGlobalSection
EndGlobal
